
Microsoft Visual Studio Solution File, Format Version 12.00
# Visual Studio 2017
Project("{FAE04EC0-301F-11D3-BF4B-00C04F79EFBC}") = "Ball Shoot Game", "Ball Shoot Game.csproj", "{FBCACBEB-AC66-4C33-B439-B10B21963991}"
EndProject
Global
	GlobalSection(SolutionConfigurationPlatforms) = preSolution
		Debug|Any CPU = Debug|Any CPU
		Release|Any CPU = Release|Any CPU
	EndGlobalSection
	GlobalSection(ProjectConfigurationPlatforms) = postSolution
		{FBCACBEB-AC66-4C33-B439-B10B21963991}.Debug|Any CPU.ActiveCfg = Debug|Any CPU
		{FBCACBEB-AC66-4C33-B439-B10B21963991}.Debug|Any CPU.Build.0 = Debug|Any CPU
		{FBCACBEB-AC66-4C33-B439-B10B21963991}.Release|Any CPU.ActiveCfg = Release|Any CPU
		{FBCACBEB-AC66-4C33-B439-B10B21963991}.Release|Any CPU.Build.0 = Release|Any CPU
	EndGlobalSection
	GlobalSection(SolutionProperties) = preSolution
		HideSolutionNode = FALSE
	EndGlobalSection
EndGlobal
