
Microsoft Visual Studio Solution File, Format Version 12.00
# Visual Studio 2015
Project("{FAE04EC0-301F-11D3-BF4B-00C04F79EFBC}") = "Ball Shoot Game.CSharp", "Ball Shoot Game.CSharp.csproj", "{D9F9DB9E-01E1-DEDD-33F8-9B877A5F81EA}"
EndProject
Global
	GlobalSection(SolutionConfigurationPlatforms) = preSolution
		Debug|Any CPU = Debug|Any CPU
		Release|Any CPU = Release|Any CPU
	EndGlobalSection
	GlobalSection(ProjectConfigurationPlatforms) = postSolution
		{D9F9DB9E-01E1-DEDD-33F8-9B877A5F81EA}.Debug|Any CPU.ActiveCfg = Debug|Any CPU
		{D9F9DB9E-01E1-DEDD-33F8-9B877A5F81EA}.Debug|Any CPU.Build.0 = Debug|Any CPU
		{D9F9DB9E-01E1-DEDD-33F8-9B877A5F81EA}.Release|Any CPU.ActiveCfg = Release|Any CPU
		{D9F9DB9E-01E1-DEDD-33F8-9B877A5F81EA}.Release|Any CPU.Build.0 = Release|Any CPU
	EndGlobalSection
	GlobalSection(SolutionProperties) = preSolution
		HideSolutionNode = FALSE
	EndGlobalSection
EndGlobal
